
Microsoft Visual Studio Solution File, Format Version 12.00
# Visual Studio Version 17
VisualStudioVersion = 17.11.35222.181
MinimumVisualStudioVersion = 10.0.40219.1
Project("{FAE04EC0-301F-11D3-BF4B-00C04F79EFBC}") = "CodePruner.TestContainerExamples.EF", "CodePruner.TestContainerExamples.EF\CodePruner.TestContainerExamples.EF.csproj", "{9CC9E84A-DC15-47C2-8F02-EB54FCDD6BC5}"
EndProject
Global
	GlobalSection(SolutionConfigurationPlatforms) = preSolution
		Debug|Any CPU = Debug|Any CPU
		Release|Any CPU = Release|Any CPU
	EndGlobalSection
	GlobalSection(ProjectConfigurationPlatforms) = postSolution
		{9CC9E84A-DC15-47C2-8F02-EB54FCDD6BC5}.Debug|Any CPU.ActiveCfg = Debug|Any CPU
		{9CC9E84A-DC15-47C2-8F02-EB54FCDD6BC5}.Debug|Any CPU.Build.0 = Debug|Any CPU
		{9CC9E84A-DC15-47C2-8F02-EB54FCDD6BC5}.Release|Any CPU.ActiveCfg = Release|Any CPU
		{9CC9E84A-DC15-47C2-8F02-EB54FCDD6BC5}.Release|Any CPU.Build.0 = Release|Any CPU
	EndGlobalSection
	GlobalSection(SolutionProperties) = preSolution
		HideSolutionNode = FALSE
	EndGlobalSection
	GlobalSection(ExtensibilityGlobals) = postSolution
		SolutionGuid = {A676C090-B675-438A-9303-ACA9E31D908B}
	EndGlobalSection
EndGlobal
