
Microsoft Visual Studio Solution File, Format Version 12.00
# Visual Studio Version 17
VisualStudioVersion = 17.7.34024.191
MinimumVisualStudioVersion = 10.0.40219.1
Project("{9A19103F-16F7-4668-BE54-9A1E7A4F7556}") = "CodePruner.Examples.TypeScriptCodeGenerators", "CodePruner.Examples.TypeScriptCodeGenerators\CodePruner.Examples.TypeScriptCodeGenerators.csproj", "{CCDA2133-18F4-44A2-BF58-8B1B3329AA86}"
EndProject
Project("{9A19103F-16F7-4668-BE54-9A1E7A4F7556}") = "CodePruner.Examples.TypeScriptCodeGenerators.UnitTests", "CodePruner.Examples.TypeScriptCodeGenerators.UnitTests\CodePruner.Examples.TypeScriptCodeGenerators.UnitTests.csproj", "{AAE0DA00-26B2-4242-881C-AF6F0E207EEC}"
EndProject
Project("{9A19103F-16F7-4668-BE54-9A1E7A4F7556}") = "CodePruner.Examples.TypeScriptCodeGenerators.Runner", "CodePruner.Examples.TypeScriptCodeGenerators.Runner\CodePruner.Examples.TypeScriptCodeGenerators.Runner.csproj", "{92E1FC46-62A4-421E-BF9D-9E2611711CC1}"
EndProject
Project("{9A19103F-16F7-4668-BE54-9A1E7A4F7556}") = "CodePruner.Examples.BlazorWasm.Containerization", "CodePruner.Examples.BlazorWasm.Containerization\CodePruner.Examples.BlazorWasm.Containerization.csproj", "{2D584A60-BFFB-4CFE-98D4-ABA8F744AC11}"
EndProject
Project("{9A19103F-16F7-4668-BE54-9A1E7A4F7556}") = "CodePruner.Examples.AI.ChatGPT", "CodePruner.Examples.AI.ChatGPT\CodePruner.Examples.AI.ChatGPT.csproj", "{2EE8949C-084A-472D-BE31-451C340F205A}"
EndProject
Project("{9A19103F-16F7-4668-BE54-9A1E7A4F7556}") = "CodePruner.Examples.AI.ExploreSemanticKernel", "CodePruner.Examples.AI.ExploreSemanticKernel\CodePruner.Examples.AI.ExploreSemanticKernel.csproj", "{6F25A143-8E05-4A29-9572-CFFE51B28C00}"
EndProject
Project("{FAE04EC0-301F-11D3-BF4B-00C04F79EFBC}") = "CodePruner.Examples.BackgroundTask.Hangfire", "CodePruner.Examples.BackgroundTask.Hangfire\CodePruner.Examples.BackgroundTask.Hangfire.csproj", "{6259ED5F-FF93-4608-AC77-CE992470B944}"
EndProject
Global
	GlobalSection(SolutionConfigurationPlatforms) = preSolution
		Debug|Any CPU = Debug|Any CPU
		Release|Any CPU = Release|Any CPU
	EndGlobalSection
	GlobalSection(ProjectConfigurationPlatforms) = postSolution
		{CCDA2133-18F4-44A2-BF58-8B1B3329AA86}.Debug|Any CPU.ActiveCfg = Debug|Any CPU
		{CCDA2133-18F4-44A2-BF58-8B1B3329AA86}.Debug|Any CPU.Build.0 = Debug|Any CPU
		{CCDA2133-18F4-44A2-BF58-8B1B3329AA86}.Release|Any CPU.ActiveCfg = Release|Any CPU
		{CCDA2133-18F4-44A2-BF58-8B1B3329AA86}.Release|Any CPU.Build.0 = Release|Any CPU
		{AAE0DA00-26B2-4242-881C-AF6F0E207EEC}.Debug|Any CPU.ActiveCfg = Debug|Any CPU
		{AAE0DA00-26B2-4242-881C-AF6F0E207EEC}.Debug|Any CPU.Build.0 = Debug|Any CPU
		{AAE0DA00-26B2-4242-881C-AF6F0E207EEC}.Release|Any CPU.ActiveCfg = Release|Any CPU
		{AAE0DA00-26B2-4242-881C-AF6F0E207EEC}.Release|Any CPU.Build.0 = Release|Any CPU
		{92E1FC46-62A4-421E-BF9D-9E2611711CC1}.Debug|Any CPU.ActiveCfg = Debug|Any CPU
		{92E1FC46-62A4-421E-BF9D-9E2611711CC1}.Debug|Any CPU.Build.0 = Debug|Any CPU
		{92E1FC46-62A4-421E-BF9D-9E2611711CC1}.Release|Any CPU.ActiveCfg = Release|Any CPU
		{92E1FC46-62A4-421E-BF9D-9E2611711CC1}.Release|Any CPU.Build.0 = Release|Any CPU
		{2D584A60-BFFB-4CFE-98D4-ABA8F744AC11}.Debug|Any CPU.ActiveCfg = Debug|Any CPU
		{2D584A60-BFFB-4CFE-98D4-ABA8F744AC11}.Debug|Any CPU.Build.0 = Debug|Any CPU
		{2D584A60-BFFB-4CFE-98D4-ABA8F744AC11}.Release|Any CPU.ActiveCfg = Release|Any CPU
		{2D584A60-BFFB-4CFE-98D4-ABA8F744AC11}.Release|Any CPU.Build.0 = Release|Any CPU
		{2EE8949C-084A-472D-BE31-451C340F205A}.Debug|Any CPU.ActiveCfg = Debug|Any CPU
		{2EE8949C-084A-472D-BE31-451C340F205A}.Debug|Any CPU.Build.0 = Debug|Any CPU
		{2EE8949C-084A-472D-BE31-451C340F205A}.Release|Any CPU.ActiveCfg = Release|Any CPU
		{2EE8949C-084A-472D-BE31-451C340F205A}.Release|Any CPU.Build.0 = Release|Any CPU
		{6F25A143-8E05-4A29-9572-CFFE51B28C00}.Debug|Any CPU.ActiveCfg = Debug|Any CPU
		{6F25A143-8E05-4A29-9572-CFFE51B28C00}.Debug|Any CPU.Build.0 = Debug|Any CPU
		{6F25A143-8E05-4A29-9572-CFFE51B28C00}.Release|Any CPU.ActiveCfg = Release|Any CPU
		{6F25A143-8E05-4A29-9572-CFFE51B28C00}.Release|Any CPU.Build.0 = Release|Any CPU
		{6259ED5F-FF93-4608-AC77-CE992470B944}.Debug|Any CPU.ActiveCfg = Debug|Any CPU
		{6259ED5F-FF93-4608-AC77-CE992470B944}.Debug|Any CPU.Build.0 = Debug|Any CPU
		{6259ED5F-FF93-4608-AC77-CE992470B944}.Release|Any CPU.ActiveCfg = Release|Any CPU
		{6259ED5F-FF93-4608-AC77-CE992470B944}.Release|Any CPU.Build.0 = Release|Any CPU
	EndGlobalSection
	GlobalSection(SolutionProperties) = preSolution
		HideSolutionNode = FALSE
	EndGlobalSection
	GlobalSection(ExtensibilityGlobals) = postSolution
		SolutionGuid = {976B54BA-2989-403F-84D7-526991D29B37}
	EndGlobalSection
EndGlobal
